
Microsoft Visual Studio Solution File, Format Version 12.00
# Visual Studio Version 17
VisualStudioVersion = 17.9.34728.123
MinimumVisualStudioVersion = 10.0.40219.1
Project("{FAE04EC0-301F-11D3-BF4B-00C04F79EFBC}") = "MauiApp-Examen-SosaGeraldyne", "MauiApp-Examen-SosaGeraldyne\MauiApp-Examen-SosaGeraldyne.csproj", "{40CA14F2-CB13-4B33-BC97-23390537FA3E}"
EndProject
Project("{FAE04EC0-301F-11D3-BF4B-00C04F79EFBC}") = "ConsumeAPI", "ConsumeAPI\ConsumeAPI.csproj", "{179AD335-0FEA-49C9-92EF-265256D61E3C}"
EndProject
Global
	GlobalSection(SolutionConfigurationPlatforms) = preSolution
		Debug|Any CPU = Debug|Any CPU
		Release|Any CPU = Release|Any CPU
	EndGlobalSection
	GlobalSection(ProjectConfigurationPlatforms) = postSolution
		{40CA14F2-CB13-4B33-BC97-23390537FA3E}.Debug|Any CPU.ActiveCfg = Debug|Any CPU
		{40CA14F2-CB13-4B33-BC97-23390537FA3E}.Debug|Any CPU.Build.0 = Debug|Any CPU
		{40CA14F2-CB13-4B33-BC97-23390537FA3E}.Debug|Any CPU.Deploy.0 = Debug|Any CPU
		{40CA14F2-CB13-4B33-BC97-23390537FA3E}.Release|Any CPU.ActiveCfg = Release|Any CPU
		{40CA14F2-CB13-4B33-BC97-23390537FA3E}.Release|Any CPU.Build.0 = Release|Any CPU
		{40CA14F2-CB13-4B33-BC97-23390537FA3E}.Release|Any CPU.Deploy.0 = Release|Any CPU
		{179AD335-0FEA-49C9-92EF-265256D61E3C}.Debug|Any CPU.ActiveCfg = Debug|Any CPU
		{179AD335-0FEA-49C9-92EF-265256D61E3C}.Debug|Any CPU.Build.0 = Debug|Any CPU
		{179AD335-0FEA-49C9-92EF-265256D61E3C}.Release|Any CPU.ActiveCfg = Release|Any CPU
		{179AD335-0FEA-49C9-92EF-265256D61E3C}.Release|Any CPU.Build.0 = Release|Any CPU
	EndGlobalSection
	GlobalSection(SolutionProperties) = preSolution
		HideSolutionNode = FALSE
	EndGlobalSection
	GlobalSection(ExtensibilityGlobals) = postSolution
		SolutionGuid = {E91792B4-738C-44CF-9E84-925115498A0D}
	EndGlobalSection
EndGlobal
